
Microsoft Visual Studio Solution File, Format Version 12.00
# Visual Studio Version 17
VisualStudioVersion = 17.14.36623.8 d17.14
MinimumVisualStudioVersion = 10.0.40219.1
Project("{FAE04EC0-301F-11D3-BF4B-00C04F79EFBC}") = "TicTacToe_1", "TicTacToe_1.csproj", "{88858978-9CE5-4067-8A0F-2AAA7ED8F382}"
EndProject
Global
	GlobalSection(SolutionConfigurationPlatforms) = preSolution
		Debug|Any CPU = Debug|Any CPU
		Release|Any CPU = Release|Any CPU
	EndGlobalSection
	GlobalSection(ProjectConfigurationPlatforms) = postSolution
		{88858978-9CE5-4067-8A0F-2AAA7ED8F382}.Debug|Any CPU.ActiveCfg = Debug|Any CPU
		{88858978-9CE5-4067-8A0F-2AAA7ED8F382}.Debug|Any CPU.Build.0 = Debug|Any CPU
		{88858978-9CE5-4067-8A0F-2AAA7ED8F382}.Release|Any CPU.ActiveCfg = Release|Any CPU
		{88858978-9CE5-4067-8A0F-2AAA7ED8F382}.Release|Any CPU.Build.0 = Release|Any CPU
	EndGlobalSection
	GlobalSection(SolutionProperties) = preSolution
		HideSolutionNode = FALSE
	EndGlobalSection
	GlobalSection(ExtensibilityGlobals) = postSolution
		SolutionGuid = {D651148A-FEF7-4B2C-AE55-F10C3092B2C4}
	EndGlobalSection
EndGlobal
